// !$*UTF8*$!
{
	archiveVersion = 1;
	classes = {
	};
	objectVersion = 55;
	objects = {

/* Begin PBXBuildFile section */
		C510A57627AE197300433AD9 /* URLProtocolMock.swift in Sources */ = {isa = PBXBuildFile; fileRef = C5B51BA627AE160C001A0BAE /* URLProtocolMock.swift */; };
		C510A58627AE19C900433AD9 /* NetworkManagerTests.swift in Sources */ = {isa = PBXBuildFile; fileRef = C559A1FA27AB2D4200E5B983 /* NetworkManagerTests.swift */; };
		C510A58A27AE1E2D00433AD9 /* NetworkManagerMock.swift in Sources */ = {isa = PBXBuildFile; fileRef = C510A58927AE1E2D00433AD9 /* NetworkManagerMock.swift */; };
		C510A58E27AE1F1F00433AD9 /* SeriesAPITests.swift in Sources */ = {isa = PBXBuildFile; fileRef = C510A58D27AE1F1F00433AD9 /* SeriesAPITests.swift */; };
		C510A58F27AE202600433AD9 /* SeriesAPIMock.swift in Sources */ = {isa = PBXBuildFile; fileRef = C5B51BA427AE1540001A0BAE /* SeriesAPIMock.swift */; };
		C5589BF227ADEAF600B39EEA /* SeriesEpisodeViewCell.swift in Sources */ = {isa = PBXBuildFile; fileRef = C5589BF127ADEAF600B39EEA /* SeriesEpisodeViewCell.swift */; };
		C559A1E427AB2D4000E5B983 /* AppDelegate.swift in Sources */ = {isa = PBXBuildFile; fileRef = C559A1E327AB2D4000E5B983 /* AppDelegate.swift */; };
		C559A1E627AB2D4000E5B983 /* SceneDelegate.swift in Sources */ = {isa = PBXBuildFile; fileRef = C559A1E527AB2D4000E5B983 /* SceneDelegate.swift */; };
		C559A1E827AB2D4000E5B983 /* SeriesViewController.swift in Sources */ = {isa = PBXBuildFile; fileRef = C559A1E727AB2D4000E5B983 /* SeriesViewController.swift */; };
		C559A1EB27AB2D4000E5B983 /* Main.storyboard in Resources */ = {isa = PBXBuildFile; fileRef = C559A1E927AB2D4000E5B983 /* Main.storyboard */; };
		C559A1ED27AB2D4200E5B983 /* Assets.xcassets in Resources */ = {isa = PBXBuildFile; fileRef = C559A1EC27AB2D4200E5B983 /* Assets.xcassets */; };
		C559A1F027AB2D4200E5B983 /* LaunchScreen.storyboard in Resources */ = {isa = PBXBuildFile; fileRef = C559A1EE27AB2D4200E5B983 /* LaunchScreen.storyboard */; };
		C559A21527AB382100E5B983 /* NetworkManager.swift in Sources */ = {isa = PBXBuildFile; fileRef = C559A21427AB382100E5B983 /* NetworkManager.swift */; };
		C559A21727AB385B00E5B983 /* SeriesAPI.swift in Sources */ = {isa = PBXBuildFile; fileRef = C559A21627AB385B00E5B983 /* SeriesAPI.swift */; };
		C559A21A27AB3A4000E5B983 /* SeriesModel.swift in Sources */ = {isa = PBXBuildFile; fileRef = C559A21927AB3A4000E5B983 /* SeriesModel.swift */; };
		C559A21D27AB3B8400E5B983 /* SeriesResponse.swift in Sources */ = {isa = PBXBuildFile; fileRef = C559A21C27AB3B8400E5B983 /* SeriesResponse.swift */; };
		C559A22027AB3E0C00E5B983 /* SeriesListViewModel.swift in Sources */ = {isa = PBXBuildFile; fileRef = C559A21F27AB3E0C00E5B983 /* SeriesListViewModel.swift */; };
		C559A22227AB428700E5B983 /* SeriesListViewCell.swift in Sources */ = {isa = PBXBuildFile; fileRef = C559A22127AB428700E5B983 /* SeriesListViewCell.swift */; };
		C559A22427AB57F000E5B983 /* NetworkImageView.swift in Sources */ = {isa = PBXBuildFile; fileRef = C559A22327AB57F000E5B983 /* NetworkImageView.swift */; };
		C591B40E27AEB6B800BC1162 /* EpisodeDetailViewModelTests.swift in Sources */ = {isa = PBXBuildFile; fileRef = C591B40D27AEB6B800BC1162 /* EpisodeDetailViewModelTests.swift */; };
		C59B58F427AF4A3700DA2765 /* SeriesDetailViewModelTests.swift in Sources */ = {isa = PBXBuildFile; fileRef = C59B58F327AF4A3700DA2765 /* SeriesDetailViewModelTests.swift */; };
		C5A82D5127AFD6C50099C527 /* DispatchGroupMock.swift in Sources */ = {isa = PBXBuildFile; fileRef = C5A82D5027AFD6C50099C527 /* DispatchGroupMock.swift */; };
		C5B0625A27ACBA3600C37615 /* SeriesDetailViewController.swift in Sources */ = {isa = PBXBuildFile; fileRef = C5B0625927ACBA3600C37615 /* SeriesDetailViewController.swift */; };
		C5B0625E27ACBF9C00C37615 /* SeriesDetailHeaderView.xib in Resources */ = {isa = PBXBuildFile; fileRef = C5B0625D27ACBF9C00C37615 /* SeriesDetailHeaderView.xib */; };
		C5B0626027ACC09700C37615 /* SeriesDetailHeaderView.swift in Sources */ = {isa = PBXBuildFile; fileRef = C5B0625F27ACC09700C37615 /* SeriesDetailHeaderView.swift */; };
		C5B0626227ACC41100C37615 /* Helpers.swift in Sources */ = {isa = PBXBuildFile; fileRef = C5B0626127ACC41100C37615 /* Helpers.swift */; };
		C5B0626427ACC65400C37615 /* SeriesDetailViewModel.swift in Sources */ = {isa = PBXBuildFile; fileRef = C5B0626327ACC65400C37615 /* SeriesDetailViewModel.swift */; };
		C5B51B9D27AE06FF001A0BAE /* EpisodeDetailViewModel.swift in Sources */ = {isa = PBXBuildFile; fileRef = C5B51B9C27AE06FF001A0BAE /* EpisodeDetailViewModel.swift */; };
		C5FEC0F527ADEEB300610620 /* SeriesEpisodeSeasonHeaderViewCell.swift in Sources */ = {isa = PBXBuildFile; fileRef = C5FEC0F427ADEEB300610620 /* SeriesEpisodeSeasonHeaderViewCell.swift */; };
		C5FEC0F727AE056900610620 /* EpisodeDetailViewController.swift in Sources */ = {isa = PBXBuildFile; fileRef = C5FEC0F627AE056900610620 /* EpisodeDetailViewController.swift */; };
/* End PBXBuildFile section */

/* Begin PBXContainerItemProxy section */
		C510A58027AE19B500433AD9 /* PBXContainerItemProxy */ = {
			isa = PBXContainerItemProxy;
			containerPortal = C559A1D827AB2D4000E5B983 /* Project object */;
			proxyType = 1;
			remoteGlobalIDString = C559A1DF27AB2D4000E5B983;
			remoteInfo = "TVSeries Guide";
		};
/* End PBXContainerItemProxy section */

/* Begin PBXFileReference section */
		C510A57C27AE19B500433AD9 /* TVSeries GuideTests.xctest */ = {isa = PBXFileReference; explicitFileType = wrapper.cfbundle; includeInIndex = 0; path = "TVSeries GuideTests.xctest"; sourceTree = BUILT_PRODUCTS_DIR; };
		C510A58927AE1E2D00433AD9 /* NetworkManagerMock.swift */ = {isa = PBXFileReference; lastKnownFileType = sourcecode.swift; path = NetworkManagerMock.swift; sourceTree = "<group>"; };
		C510A58D27AE1F1F00433AD9 /* SeriesAPITests.swift */ = {isa = PBXFileReference; lastKnownFileType = sourcecode.swift; path = SeriesAPITests.swift; sourceTree = "<group>"; };
		C5589BF127ADEAF600B39EEA /* SeriesEpisodeViewCell.swift */ = {isa = PBXFileReference; lastKnownFileType = sourcecode.swift; path = SeriesEpisodeViewCell.swift; sourceTree = "<group>"; };
		C559A1E027AB2D4000E5B983 /* TVSeries Guide.app */ = {isa = PBXFileReference; explicitFileType = wrapper.application; includeInIndex = 0; path = "TVSeries Guide.app"; sourceTree = BUILT_PRODUCTS_DIR; };
		C559A1E327AB2D4000E5B983 /* AppDelegate.swift */ = {isa = PBXFileReference; lastKnownFileType = sourcecode.swift; path = AppDelegate.swift; sourceTree = "<group>"; };
		C559A1E527AB2D4000E5B983 /* SceneDelegate.swift */ = {isa = PBXFileReference; lastKnownFileType = sourcecode.swift; path = SceneDelegate.swift; sourceTree = "<group>"; };
		C559A1E727AB2D4000E5B983 /* SeriesViewController.swift */ = {isa = PBXFileReference; lastKnownFileType = sourcecode.swift; path = SeriesViewController.swift; sourceTree = "<group>"; };
		C559A1EA27AB2D4000E5B983 /* Base */ = {isa = PBXFileReference; lastKnownFileType = file.storyboard; name = Base; path = Base.lproj/Main.storyboard; sourceTree = "<group>"; };
		C559A1EC27AB2D4200E5B983 /* Assets.xcassets */ = {isa = PBXFileReference; lastKnownFileType = folder.assetcatalog; path = Assets.xcassets; sourceTree = "<group>"; };
		C559A1EF27AB2D4200E5B983 /* Base */ = {isa = PBXFileReference; lastKnownFileType = file.storyboard; name = Base; path = Base.lproj/LaunchScreen.storyboard; sourceTree = "<group>"; };
		C559A1F127AB2D4200E5B983 /* Info.plist */ = {isa = PBXFileReference; lastKnownFileType = text.plist.xml; path = Info.plist; sourceTree = "<group>"; };
		C559A1FA27AB2D4200E5B983 /* NetworkManagerTests.swift */ = {isa = PBXFileReference; lastKnownFileType = sourcecode.swift; path = NetworkManagerTests.swift; sourceTree = "<group>"; };
		C559A21427AB382100E5B983 /* NetworkManager.swift */ = {isa = PBXFileReference; lastKnownFileType = sourcecode.swift; path = NetworkManager.swift; sourceTree = "<group>"; };
		C559A21627AB385B00E5B983 /* SeriesAPI.swift */ = {isa = PBXFileReference; lastKnownFileType = sourcecode.swift; path = SeriesAPI.swift; sourceTree = "<group>"; };
		C559A21927AB3A4000E5B983 /* SeriesModel.swift */ = {isa = PBXFileReference; lastKnownFileType = sourcecode.swift; path = SeriesModel.swift; sourceTree = "<group>"; };
		C559A21C27AB3B8400E5B983 /* SeriesResponse.swift */ = {isa = PBXFileReference; lastKnownFileType = sourcecode.swift; path = SeriesResponse.swift; sourceTree = "<group>"; };
		C559A21F27AB3E0C00E5B983 /* SeriesListViewModel.swift */ = {isa = PBXFileReference; lastKnownFileType = sourcecode.swift; path = SeriesListViewModel.swift; sourceTree = "<group>"; };
		C559A22127AB428700E5B983 /* SeriesListViewCell.swift */ = {isa = PBXFileReference; lastKnownFileType = sourcecode.swift; path = SeriesListViewCell.swift; sourceTree = "<group>"; };
		C559A22327AB57F000E5B983 /* NetworkImageView.swift */ = {isa = PBXFileReference; lastKnownFileType = sourcecode.swift; path = NetworkImageView.swift; sourceTree = "<group>"; };
		C591B40D27AEB6B800BC1162 /* EpisodeDetailViewModelTests.swift */ = {isa = PBXFileReference; lastKnownFileType = sourcecode.swift; path = EpisodeDetailViewModelTests.swift; sourceTree = "<group>"; };
		C59B58F327AF4A3700DA2765 /* SeriesDetailViewModelTests.swift */ = {isa = PBXFileReference; lastKnownFileType = sourcecode.swift; path = SeriesDetailViewModelTests.swift; sourceTree = "<group>"; };
		C5A82D5027AFD6C50099C527 /* DispatchGroupMock.swift */ = {isa = PBXFileReference; lastKnownFileType = sourcecode.swift; path = DispatchGroupMock.swift; sourceTree = "<group>"; };
		C5B0625927ACBA3600C37615 /* SeriesDetailViewController.swift */ = {isa = PBXFileReference; lastKnownFileType = sourcecode.swift; path = SeriesDetailViewController.swift; sourceTree = "<group>"; };
		C5B0625D27ACBF9C00C37615 /* SeriesDetailHeaderView.xib */ = {isa = PBXFileReference; lastKnownFileType = file.xib; path = SeriesDetailHeaderView.xib; sourceTree = "<group>"; };
		C5B0625F27ACC09700C37615 /* SeriesDetailHeaderView.swift */ = {isa = PBXFileReference; lastKnownFileType = sourcecode.swift; path = SeriesDetailHeaderView.swift; sourceTree = "<group>"; };
		C5B0626127ACC41100C37615 /* Helpers.swift */ = {isa = PBXFileReference; lastKnownFileType = sourcecode.swift; path = Helpers.swift; sourceTree = "<group>"; };
		C5B0626327ACC65400C37615 /* SeriesDetailViewModel.swift */ = {isa = PBXFileReference; lastKnownFileType = sourcecode.swift; path = SeriesDetailViewModel.swift; sourceTree = "<group>"; };
		C5B51B9C27AE06FF001A0BAE /* EpisodeDetailViewModel.swift */ = {isa = PBXFileReference; lastKnownFileType = sourcecode.swift; path = EpisodeDetailViewModel.swift; sourceTree = "<group>"; };
		C5B51BA427AE1540001A0BAE /* SeriesAPIMock.swift */ = {isa = PBXFileReference; lastKnownFileType = sourcecode.swift; path = SeriesAPIMock.swift; sourceTree = "<group>"; };
		C5B51BA627AE160C001A0BAE /* URLProtocolMock.swift */ = {isa = PBXFileReference; lastKnownFileType = sourcecode.swift; path = URLProtocolMock.swift; sourceTree = "<group>"; };
		C5FEC0F427ADEEB300610620 /* SeriesEpisodeSeasonHeaderViewCell.swift */ = {isa = PBXFileReference; lastKnownFileType = sourcecode.swift; path = SeriesEpisodeSeasonHeaderViewCell.swift; sourceTree = "<group>"; };
		C5FEC0F627AE056900610620 /* EpisodeDetailViewController.swift */ = {isa = PBXFileReference; lastKnownFileType = sourcecode.swift; path = EpisodeDetailViewController.swift; sourceTree = "<group>"; };
/* End PBXFileReference section */

/* Begin PBXFrameworksBuildPhase section */
		C510A57927AE19B500433AD9 /* Frameworks */ = {
			isa = PBXFrameworksBuildPhase;
			buildActionMask = 2147483647;
			files = (
			);
			runOnlyForDeploymentPostprocessing = 0;
		};
		C559A1DD27AB2D4000E5B983 /* Frameworks */ = {
			isa = PBXFrameworksBuildPhase;
			buildActionMask = 2147483647;
			files = (
			);
			runOnlyForDeploymentPostprocessing = 0;
		};
/* End PBXFrameworksBuildPhase section */

/* Begin PBXGroup section */
		C510A57D27AE19B500433AD9 /* TVSeries GuideTests */ = {
			isa = PBXGroup;
			children = (
				C510A58527AE19C100433AD9 /* Mocks */,
				C559A1FA27AB2D4200E5B983 /* NetworkManagerTests.swift */,
				C510A58D27AE1F1F00433AD9 /* SeriesAPITests.swift */,
				C591B40D27AEB6B800BC1162 /* EpisodeDetailViewModelTests.swift */,
				C59B58F327AF4A3700DA2765 /* SeriesDetailViewModelTests.swift */,
			);
			path = "TVSeries GuideTests";
			sourceTree = "<group>";
		};
		C510A58527AE19C100433AD9 /* Mocks */ = {
			isa = PBXGroup;
			children = (
				C5B51BA427AE1540001A0BAE /* SeriesAPIMock.swift */,
				C5B51BA627AE160C001A0BAE /* URLProtocolMock.swift */,
				C510A58927AE1E2D00433AD9 /* NetworkManagerMock.swift */,
				C5A82D5027AFD6C50099C527 /* DispatchGroupMock.swift */,
			);
			path = Mocks;
			sourceTree = "<group>";
		};
		C559A1D727AB2D4000E5B983 = {
			isa = PBXGroup;
			children = (
				C559A1E227AB2D4000E5B983 /* TVSeries Guide */,
				C510A57D27AE19B500433AD9 /* TVSeries GuideTests */,
				C559A1E127AB2D4000E5B983 /* Products */,
			);
			sourceTree = "<group>";
		};
		C559A1E127AB2D4000E5B983 /* Products */ = {
			isa = PBXGroup;
			children = (
				C559A1E027AB2D4000E5B983 /* TVSeries Guide.app */,
				C510A57C27AE19B500433AD9 /* TVSeries GuideTests.xctest */,
			);
			name = Products;
			sourceTree = "<group>";
		};
		C559A1E227AB2D4000E5B983 /* TVSeries Guide */ = {
			isa = PBXGroup;
			children = (
				C5B51BA027AE13A1001A0BAE /* EpisodeDetailScene */,
				C5B51B9F27AE1397001A0BAE /* SeriesDetailScene */,
				C5B51B9E27AE137B001A0BAE /* SeriesListScene */,
				C559A21827AB392B00E5B983 /* Models */,
				C559A21327AB37DD00E5B983 /* Networking */,
				C5B51BA127AE13EC001A0BAE /* Utils */,
				C5B51BA227AE1412001A0BAE /* Supporting Files */,
				C559A1E927AB2D4000E5B983 /* Main.storyboard */,
				C559A1F127AB2D4200E5B983 /* Info.plist */,
			);
			path = "TVSeries Guide";
			sourceTree = "<group>";
		};
		C559A21327AB37DD00E5B983 /* Networking */ = {
			isa = PBXGroup;
			children = (
				C559A21427AB382100E5B983 /* NetworkManager.swift */,
				C559A21B27AB3B6A00E5B983 /* APIs */,
			);
			path = Networking;
			sourceTree = "<group>";
		};
		C559A21827AB392B00E5B983 /* Models */ = {
			isa = PBXGroup;
			children = (
				C559A21927AB3A4000E5B983 /* SeriesModel.swift */,
			);
			path = Models;
			sourceTree = "<group>";
		};
		C559A21B27AB3B6A00E5B983 /* APIs */ = {
			isa = PBXGroup;
			children = (
				C559A21627AB385B00E5B983 /* SeriesAPI.swift */,
				C559A21C27AB3B8400E5B983 /* SeriesResponse.swift */,
			);
			path = APIs;
			sourceTree = "<group>";
		};
		C5B51B9E27AE137B001A0BAE /* SeriesListScene */ = {
			isa = PBXGroup;
			children = (
				C559A1E727AB2D4000E5B983 /* SeriesViewController.swift */,
				C559A21F27AB3E0C00E5B983 /* SeriesListViewModel.swift */,
				C559A22127AB428700E5B983 /* SeriesListViewCell.swift */,
			);
			path = SeriesListScene;
			sourceTree = "<group>";
		};
		C5B51B9F27AE1397001A0BAE /* SeriesDetailScene */ = {
			isa = PBXGroup;
			children = (
				C5B0625927ACBA3600C37615 /* SeriesDetailViewController.swift */,
				C5B0626327ACC65400C37615 /* SeriesDetailViewModel.swift */,
				C5589BF127ADEAF600B39EEA /* SeriesEpisodeViewCell.swift */,
				C5FEC0F427ADEEB300610620 /* SeriesEpisodeSeasonHeaderViewCell.swift */,
				C5B0625F27ACC09700C37615 /* SeriesDetailHeaderView.swift */,
				C5B0625D27ACBF9C00C37615 /* SeriesDetailHeaderView.xib */,
			);
			path = SeriesDetailScene;
			sourceTree = "<group>";
		};
		C5B51BA027AE13A1001A0BAE /* EpisodeDetailScene */ = {
			isa = PBXGroup;
			children = (
				C5FEC0F627AE056900610620 /* EpisodeDetailViewController.swift */,
				C5B51B9C27AE06FF001A0BAE /* EpisodeDetailViewModel.swift */,
			);
			path = EpisodeDetailScene;
			sourceTree = "<group>";
		};
		C5B51BA127AE13EC001A0BAE /* Utils */ = {
			isa = PBXGroup;
			children = (
				C5B0626127ACC41100C37615 /* Helpers.swift */,
				C559A22327AB57F000E5B983 /* NetworkImageView.swift */,
			);
			path = Utils;
			sourceTree = "<group>";
		};
		C5B51BA227AE1412001A0BAE /* Supporting Files */ = {
			isa = PBXGroup;
			children = (
				C559A1E327AB2D4000E5B983 /* AppDelegate.swift */,
				C559A1E527AB2D4000E5B983 /* SceneDelegate.swift */,
				C559A1EC27AB2D4200E5B983 /* Assets.xcassets */,
				C559A1EE27AB2D4200E5B983 /* LaunchScreen.storyboard */,
			);
			path = "Supporting Files";
			sourceTree = "<group>";
		};
/* End PBXGroup section */

/* Begin PBXNativeTarget section */
		C510A57B27AE19B500433AD9 /* TVSeries GuideTests */ = {
			isa = PBXNativeTarget;
			buildConfigurationList = C510A58227AE19B500433AD9 /* Build configuration list for PBXNativeTarget "TVSeries GuideTests" */;
			buildPhases = (
				C510A57827AE19B500433AD9 /* Sources */,
				C510A57927AE19B500433AD9 /* Frameworks */,
				C510A57A27AE19B500433AD9 /* Resources */,
			);
			buildRules = (
			);
			dependencies = (
				C510A58127AE19B500433AD9 /* PBXTargetDependency */,
			);
			name = "TVSeries GuideTests";
			productName = "TVSeries GuideTests";
			productReference = C510A57C27AE19B500433AD9 /* TVSeries GuideTests.xctest */;
			productType = "com.apple.product-type.bundle.unit-test";
		};
		C559A1DF27AB2D4000E5B983 /* TVSeries Guide */ = {
			isa = PBXNativeTarget;
			buildConfigurationList = C559A20A27AB2D4200E5B983 /* Build configuration list for PBXNativeTarget "TVSeries Guide" */;
			buildPhases = (
				C559A1DC27AB2D4000E5B983 /* Sources */,
				C559A1DD27AB2D4000E5B983 /* Frameworks */,
				C559A1DE27AB2D4000E5B983 /* Resources */,
			);
			buildRules = (
			);
			dependencies = (
			);
			name = "TVSeries Guide";
			productName = "TVSeries Guide";
			productReference = C559A1E027AB2D4000E5B983 /* TVSeries Guide.app */;
			productType = "com.apple.product-type.application";
		};
/* End PBXNativeTarget section */

/* Begin PBXProject section */
		C559A1D827AB2D4000E5B983 /* Project object */ = {
			isa = PBXProject;
			attributes = {
				BuildIndependentTargetsInParallel = 1;
				LastSwiftUpdateCheck = 1320;
				LastUpgradeCheck = 1320;
				TargetAttributes = {
					C510A57B27AE19B500433AD9 = {
						CreatedOnToolsVersion = 13.2.1;
						TestTargetID = C559A1DF27AB2D4000E5B983;
					};
					C559A1DF27AB2D4000E5B983 = {
						CreatedOnToolsVersion = 13.2.1;
					};
				};
			};
			buildConfigurationList = C559A1DB27AB2D4000E5B983 /* Build configuration list for PBXProject "TVSeries Guide" */;
			compatibilityVersion = "Xcode 13.0";
			developmentRegion = en;
			hasScannedForEncodings = 0;
			knownRegions = (
				en,
				Base,
			);
			mainGroup = C559A1D727AB2D4000E5B983;
			productRefGroup = C559A1E127AB2D4000E5B983 /* Products */;
			projectDirPath = "";
			projectRoot = "";
			targets = (
				C559A1DF27AB2D4000E5B983 /* TVSeries Guide */,
				C510A57B27AE19B500433AD9 /* TVSeries GuideTests */,
			);
		};
/* End PBXProject section */

/* Begin PBXResourcesBuildPhase section */
		C510A57A27AE19B500433AD9 /* Resources */ = {
			isa = PBXResourcesBuildPhase;
			buildActionMask = 2147483647;
			files = (
			);
			runOnlyForDeploymentPostprocessing = 0;
		};
		C559A1DE27AB2D4000E5B983 /* Resources */ = {
			isa = PBXResourcesBuildPhase;
			buildActionMask = 2147483647;
			files = (
				C559A1F027AB2D4200E5B983 /* LaunchScreen.storyboard in Resources */,
				C5B0625E27ACBF9C00C37615 /* SeriesDetailHeaderView.xib in Resources */,
				C559A1ED27AB2D4200E5B983 /* Assets.xcassets in Resources */,
				C559A1EB27AB2D4000E5B983 /* Main.storyboard in Resources */,
			);
			runOnlyForDeploymentPostprocessing = 0;
		};
/* End PBXResourcesBuildPhase section */

/* Begin PBXSourcesBuildPhase section */
		C510A57827AE19B500433AD9 /* Sources */ = {
			isa = PBXSourcesBuildPhase;
			buildActionMask = 2147483647;
			files = (
				C5A82D5127AFD6C50099C527 /* DispatchGroupMock.swift in Sources */,
				C510A58E27AE1F1F00433AD9 /* SeriesAPITests.swift in Sources */,
				C510A58F27AE202600433AD9 /* SeriesAPIMock.swift in Sources */,
				C510A58A27AE1E2D00433AD9 /* NetworkManagerMock.swift in Sources */,
				C510A58627AE19C900433AD9 /* NetworkManagerTests.swift in Sources */,
				C59B58F427AF4A3700DA2765 /* SeriesDetailViewModelTests.swift in Sources */,
				C591B40E27AEB6B800BC1162 /* EpisodeDetailViewModelTests.swift in Sources */,
			);
			runOnlyForDeploymentPostprocessing = 0;
		};
		C559A1DC27AB2D4000E5B983 /* Sources */ = {
			isa = PBXSourcesBuildPhase;
			buildActionMask = 2147483647;
			files = (
				C559A21527AB382100E5B983 /* NetworkManager.swift in Sources */,
				C559A22427AB57F000E5B983 /* NetworkImageView.swift in Sources */,
				C559A1E827AB2D4000E5B983 /* SeriesViewController.swift in Sources */,
				C5FEC0F527ADEEB300610620 /* SeriesEpisodeSeasonHeaderViewCell.swift in Sources */,
				C559A1E427AB2D4000E5B983 /* AppDelegate.swift in Sources */,
				C5B51B9D27AE06FF001A0BAE /* EpisodeDetailViewModel.swift in Sources */,
				C5FEC0F727AE056900610620 /* EpisodeDetailViewController.swift in Sources */,
				C559A21D27AB3B8400E5B983 /* SeriesResponse.swift in Sources */,
				C5B0626027ACC09700C37615 /* SeriesDetailHeaderView.swift in Sources */,
				C559A1E627AB2D4000E5B983 /* SceneDelegate.swift in Sources */,
				C559A21A27AB3A4000E5B983 /* SeriesModel.swift in Sources */,
				C5589BF227ADEAF600B39EEA /* SeriesEpisodeViewCell.swift in Sources */,
				C559A21727AB385B00E5B983 /* SeriesAPI.swift in Sources */,
				C559A22027AB3E0C00E5B983 /* SeriesListViewModel.swift in Sources */,
				C510A57627AE197300433AD9 /* URLProtocolMock.swift in Sources */,
				C5B0626227ACC41100C37615 /* Helpers.swift in Sources */,
				C559A22227AB428700E5B983 /* SeriesListViewCell.swift in Sources */,
				C5B0626427ACC65400C37615 /* SeriesDetailViewModel.swift in Sources */,
				C5B0625A27ACBA3600C37615 /* SeriesDetailViewController.swift in Sources */,
			);
			runOnlyForDeploymentPostprocessing = 0;
		};
/* End PBXSourcesBuildPhase section */

/* Begin PBXTargetDependency section */
		C510A58127AE19B500433AD9 /* PBXTargetDependency */ = {
			isa = PBXTargetDependency;
			target = C559A1DF27AB2D4000E5B983 /* TVSeries Guide */;
			targetProxy = C510A58027AE19B500433AD9 /* PBXContainerItemProxy */;
		};
/* End PBXTargetDependency section */

/* Begin PBXVariantGroup section */
		C559A1E927AB2D4000E5B983 /* Main.storyboard */ = {
			isa = PBXVariantGroup;
			children = (
				C559A1EA27AB2D4000E5B983 /* Base */,
			);
			name = Main.storyboard;
			sourceTree = "<group>";
		};
		C559A1EE27AB2D4200E5B983 /* LaunchScreen.storyboard */ = {
			isa = PBXVariantGroup;
			children = (
				C559A1EF27AB2D4200E5B983 /* Base */,
			);
			name = LaunchScreen.storyboard;
			sourceTree = "<group>";
		};
/* End PBXVariantGroup section */

/* Begin XCBuildConfiguration section */
		C510A58327AE19B500433AD9 /* Debug */ = {
			isa = XCBuildConfiguration;
			buildSettings = {
				BUNDLE_LOADER = "$(TEST_HOST)";
				CODE_SIGN_STYLE = Automatic;
				CURRENT_PROJECT_VERSION = 1;
				GENERATE_INFOPLIST_FILE = YES;
				MARKETING_VERSION = 1.0;
				PRODUCT_BUNDLE_IDENTIFIER = "com.zamp.TVSeries-GuideTests";
				PRODUCT_NAME = "$(TARGET_NAME)";
				SWIFT_EMIT_LOC_STRINGS = NO;
				SWIFT_VERSION = 5.0;
				TARGETED_DEVICE_FAMILY = "1,2";
				TEST_HOST = "$(BUILT_PRODUCTS_DIR)/TVSeries Guide.app/TVSeries Guide";
			};
			name = Debug;
		};
		C510A58427AE19B500433AD9 /* Release */ = {
			isa = XCBuildConfiguration;
			buildSettings = {
				BUNDLE_LOADER = "$(TEST_HOST)";
				CODE_SIGN_STYLE = Automatic;
				CURRENT_PROJECT_VERSION = 1;
				GENERATE_INFOPLIST_FILE = YES;
				MARKETING_VERSION = 1.0;
				PRODUCT_BUNDLE_IDENTIFIER = "com.zamp.TVSeries-GuideTests";
				PRODUCT_NAME = "$(TARGET_NAME)";
				SWIFT_EMIT_LOC_STRINGS = NO;
				SWIFT_VERSION = 5.0;
				TARGETED_DEVICE_FAMILY = "1,2";
				TEST_HOST = "$(BUILT_PRODUCTS_DIR)/TVSeries Guide.app/TVSeries Guide";
			};
			name = Release;
		};
		C559A20827AB2D4200E5B983 /* Debug */ = {
			isa = XCBuildConfiguration;
			buildSettings = {
				ALWAYS_SEARCH_USER_PATHS = NO;
				CLANG_ANALYZER_NONNULL = YES;
				CLANG_ANALYZER_NUMBER_OBJECT_CONVERSION = YES_AGGRESSIVE;
				CLANG_CXX_LANGUAGE_STANDARD = "gnu++17";
				CLANG_CXX_LIBRARY = "libc++";
				CLANG_ENABLE_MODULES = YES;
				CLANG_ENABLE_OBJC_ARC = YES;
				CLANG_ENABLE_OBJC_WEAK = YES;
				CLANG_WARN_BLOCK_CAPTURE_AUTORELEASING = YES;
				CLANG_WARN_BOOL_CONVERSION = YES;
				CLANG_WARN_COMMA = YES;
				CLANG_WARN_CONSTANT_CONVERSION = YES;
				CLANG_WARN_DEPRECATED_OBJC_IMPLEMENTATIONS = YES;
				CLANG_WARN_DIRECT_OBJC_ISA_USAGE = YES_ERROR;
				CLANG_WARN_DOCUMENTATION_COMMENTS = YES;
				CLANG_WARN_EMPTY_BODY = YES;
				CLANG_WARN_ENUM_CONVERSION = YES;
				CLANG_WARN_INFINITE_RECURSION = YES;
				CLANG_WARN_INT_CONVERSION = YES;
				CLANG_WARN_NON_LITERAL_NULL_CONVERSION = YES;
				CLANG_WARN_OBJC_IMPLICIT_RETAIN_SELF = YES;
				CLANG_WARN_OBJC_LITERAL_CONVERSION = YES;
				CLANG_WARN_OBJC_ROOT_CLASS = YES_ERROR;
				CLANG_WARN_QUOTED_INCLUDE_IN_FRAMEWORK_HEADER = YES;
				CLANG_WARN_RANGE_LOOP_ANALYSIS = YES;
				CLANG_WARN_STRICT_PROTOTYPES = YES;
				CLANG_WARN_SUSPICIOUS_MOVE = YES;
				CLANG_WARN_UNGUARDED_AVAILABILITY = YES_AGGRESSIVE;
				CLANG_WARN_UNREACHABLE_CODE = YES;
				CLANG_WARN__DUPLICATE_METHOD_MATCH = YES;
				COPY_PHASE_STRIP = NO;
				DEBUG_INFORMATION_FORMAT = dwarf;
				ENABLE_STRICT_OBJC_MSGSEND = YES;
				ENABLE_TESTABILITY = YES;
				GCC_C_LANGUAGE_STANDARD = gnu11;
				GCC_DYNAMIC_NO_PIC = NO;
				GCC_NO_COMMON_BLOCKS = YES;
				GCC_OPTIMIZATION_LEVEL = 0;
				GCC_PREPROCESSOR_DEFINITIONS = (
					"DEBUG=1",
					"$(inherited)",
				);
				GCC_WARN_64_TO_32_BIT_CONVERSION = YES;
				GCC_WARN_ABOUT_RETURN_TYPE = YES_ERROR;
				GCC_WARN_UNDECLARED_SELECTOR = YES;
				GCC_WARN_UNINITIALIZED_AUTOS = YES_AGGRESSIVE;
				GCC_WARN_UNUSED_FUNCTION = YES;
				GCC_WARN_UNUSED_VARIABLE = YES;
				IPHONEOS_DEPLOYMENT_TARGET = 15.2;
				MTL_ENABLE_DEBUG_INFO = INCLUDE_SOURCE;
				MTL_FAST_MATH = YES;
				ONLY_ACTIVE_ARCH = YES;
				SDKROOT = iphoneos;
				SWIFT_ACTIVE_COMPILATION_CONDITIONS = DEBUG;
				SWIFT_OPTIMIZATION_LEVEL = "-Onone";
			};
			name = Debug;
		};
		C559A20927AB2D4200E5B983 /* Release */ = {
			isa = XCBuildConfiguration;
			buildSettings = {
				ALWAYS_SEARCH_USER_PATHS = NO;
				CLANG_ANALYZER_NONNULL = YES;
				CLANG_ANALYZER_NUMBER_OBJECT_CONVERSION = YES_AGGRESSIVE;
				CLANG_CXX_LANGUAGE_STANDARD = "gnu++17";
				CLANG_CXX_LIBRARY = "libc++";
				CLANG_ENABLE_MODULES = YES;
				CLANG_ENABLE_OBJC_ARC = YES;
				CLANG_ENABLE_OBJC_WEAK = YES;
				CLANG_WARN_BLOCK_CAPTURE_AUTORELEASING = YES;
				CLANG_WARN_BOOL_CONVERSION = YES;
				CLANG_WARN_COMMA = YES;
				CLANG_WARN_CONSTANT_CONVERSION = YES;
				CLANG_WARN_DEPRECATED_OBJC_IMPLEMENTATIONS = YES;
				CLANG_WARN_DIRECT_OBJC_ISA_USAGE = YES_ERROR;
				CLANG_WARN_DOCUMENTATION_COMMENTS = YES;
				CLANG_WARN_EMPTY_BODY = YES;
				CLANG_WARN_ENUM_CONVERSION = YES;
				CLANG_WARN_INFINITE_RECURSION = YES;
				CLANG_WARN_INT_CONVERSION = YES;
				CLANG_WARN_NON_LITERAL_NULL_CONVERSION = YES;
				CLANG_WARN_OBJC_IMPLICIT_RETAIN_SELF = YES;
				CLANG_WARN_OBJC_LITERAL_CONVERSION = YES;
				CLANG_WARN_OBJC_ROOT_CLASS = YES_ERROR;
				CLANG_WARN_QUOTED_INCLUDE_IN_FRAMEWORK_HEADER = YES;
				CLANG_WARN_RANGE_LOOP_ANALYSIS = YES;
				CLANG_WARN_STRICT_PROTOTYPES = YES;
				CLANG_WARN_SUSPICIOUS_MOVE = YES;
				CLANG_WARN_UNGUARDED_AVAILABILITY = YES_AGGRESSIVE;
				CLANG_WARN_UNREACHABLE_CODE = YES;
				CLANG_WARN__DUPLICATE_METHOD_MATCH = YES;
				COPY_PHASE_STRIP = NO;
				DEBUG_INFORMATION_FORMAT = "dwarf-with-dsym";
				ENABLE_NS_ASSERTIONS = NO;
				ENABLE_STRICT_OBJC_MSGSEND = YES;
				GCC_C_LANGUAGE_STANDARD = gnu11;
				GCC_NO_COMMON_BLOCKS = YES;
				GCC_WARN_64_TO_32_BIT_CONVERSION = YES;
				GCC_WARN_ABOUT_RETURN_TYPE = YES_ERROR;
				GCC_WARN_UNDECLARED_SELECTOR = YES;
				GCC_WARN_UNINITIALIZED_AUTOS = YES_AGGRESSIVE;
				GCC_WARN_UNUSED_FUNCTION = YES;
				GCC_WARN_UNUSED_VARIABLE = YES;
				IPHONEOS_DEPLOYMENT_TARGET = 15.2;
				MTL_ENABLE_DEBUG_INFO = NO;
				MTL_FAST_MATH = YES;
				SDKROOT = iphoneos;
				SWIFT_COMPILATION_MODE = wholemodule;
				SWIFT_OPTIMIZATION_LEVEL = "-O";
				VALIDATE_PRODUCT = YES;
			};
			name = Release;
		};
		C559A20B27AB2D4200E5B983 /* Debug */ = {
			isa = XCBuildConfiguration;
			buildSettings = {
				ASSETCATALOG_COMPILER_APPICON_NAME = AppIcon;
				ASSETCATALOG_COMPILER_GLOBAL_ACCENT_COLOR_NAME = AccentColor;
				CODE_SIGN_STYLE = Automatic;
				CURRENT_PROJECT_VERSION = 1;
				GENERATE_INFOPLIST_FILE = YES;
				INFOPLIST_FILE = "TVSeries Guide/Info.plist";
				INFOPLIST_KEY_UIApplicationSupportsIndirectInputEvents = YES;
				INFOPLIST_KEY_UILaunchStoryboardName = LaunchScreen;
				INFOPLIST_KEY_UIMainStoryboardFile = Main;
				INFOPLIST_KEY_UISupportedInterfaceOrientations_iPad = "UIInterfaceOrientationPortrait UIInterfaceOrientationPortraitUpsideDown UIInterfaceOrientationLandscapeLeft UIInterfaceOrientationLandscapeRight";
				INFOPLIST_KEY_UISupportedInterfaceOrientations_iPhone = "UIInterfaceOrientationPortrait UIInterfaceOrientationLandscapeLeft UIInterfaceOrientationLandscapeRight";
				LD_RUNPATH_SEARCH_PATHS = (
					"$(inherited)",
					"@executable_path/Frameworks",
				);
				MARKETING_VERSION = 1.0;
				PRODUCT_BUNDLE_IDENTIFIER = "com.zamp.TVSeries-Guide";
				PRODUCT_NAME = "$(TARGET_NAME)";
				SWIFT_EMIT_LOC_STRINGS = YES;
				SWIFT_VERSION = 5.0;
				TARGETED_DEVICE_FAMILY = "1,2";
			};
			name = Debug;
		};
		C559A20C27AB2D4200E5B983 /* Release */ = {
			isa = XCBuildConfiguration;
			buildSettings = {
				ASSETCATALOG_COMPILER_APPICON_NAME = AppIcon;
				ASSETCATALOG_COMPILER_GLOBAL_ACCENT_COLOR_NAME = AccentColor;
				CODE_SIGN_STYLE = Automatic;
				CURRENT_PROJECT_VERSION = 1;
				GENERATE_INFOPLIST_FILE = YES;
				INFOPLIST_FILE = "TVSeries Guide/Info.plist";
				INFOPLIST_KEY_UIApplicationSupportsIndirectInputEvents = YES;
				INFOPLIST_KEY_UILaunchStoryboardName = LaunchScreen;
				INFOPLIST_KEY_UIMainStoryboardFile = Main;
				INFOPLIST_KEY_UISupportedInterfaceOrientations_iPad = "UIInterfaceOrientationPortrait UIInterfaceOrientationPortraitUpsideDown UIInterfaceOrientationLandscapeLeft UIInterfaceOrientationLandscapeRight";
				INFOPLIST_KEY_UISupportedInterfaceOrientations_iPhone = "UIInterfaceOrientationPortrait UIInterfaceOrientationLandscapeLeft UIInterfaceOrientationLandscapeRight";
				LD_RUNPATH_SEARCH_PATHS = (
					"$(inherited)",
					"@executable_path/Frameworks",
				);
				MARKETING_VERSION = 1.0;
				PRODUCT_BUNDLE_IDENTIFIER = "com.zamp.TVSeries-Guide";
				PRODUCT_NAME = "$(TARGET_NAME)";
				SWIFT_EMIT_LOC_STRINGS = YES;
				SWIFT_VERSION = 5.0;
				TARGETED_DEVICE_FAMILY = "1,2";
			};
			name = Release;
		};
/* End XCBuildConfiguration section */

/* Begin XCConfigurationList section */
		C510A58227AE19B500433AD9 /* Build configuration list for PBXNativeTarget "TVSeries GuideTests" */ = {
			isa = XCConfigurationList;
			buildConfigurations = (
				C510A58327AE19B500433AD9 /* Debug */,
				C510A58427AE19B500433AD9 /* Release */,
			);
			defaultConfigurationIsVisible = 0;
			defaultConfigurationName = Release;
		};
		C559A1DB27AB2D4000E5B983 /* Build configuration list for PBXProject "TVSeries Guide" */ = {
			isa = XCConfigurationList;
			buildConfigurations = (
				C559A20827AB2D4200E5B983 /* Debug */,
				C559A20927AB2D4200E5B983 /* Release */,
			);
			defaultConfigurationIsVisible = 0;
			defaultConfigurationName = Release;
		};
		C559A20A27AB2D4200E5B983 /* Build configuration list for PBXNativeTarget "TVSeries Guide" */ = {
			isa = XCConfigurationList;
			buildConfigurations = (
				C559A20B27AB2D4200E5B983 /* Debug */,
				C559A20C27AB2D4200E5B983 /* Release */,
			);
			defaultConfigurationIsVisible = 0;
			defaultConfigurationName = Release;
		};
/* End XCConfigurationList section */
	};
	rootObject = C559A1D827AB2D4000E5B983 /* Project object */;
}
